// !$*UTF8*$!
{
	archiveVersion = 1;
	classes = {
	};
	objectVersion = 46;
	objects = {

/* Begin PBXBuildFile section */
		3877D6D71E29746700D176F0 /* PlotViewController.swift in Sources */ = {isa = PBXBuildFile; fileRef = 3877D6D61E29746700D176F0 /* PlotViewController.swift */; };
		3877D6D91E2975EE00D176F0 /* MotionManager.swift in Sources */ = {isa = PBXBuildFile; fileRef = 3877D6D81E2975EE00D176F0 /* MotionManager.swift */; };
		A3DBEE7A1E29104400AFA016 /* AppDelegate.swift in Sources */ = {isa = PBXBuildFile; fileRef = A3DBEE791E29104400AFA016 /* AppDelegate.swift */; };
		A3DBEE7C1E29104400AFA016 /* ViewController.swift in Sources */ = {isa = PBXBuildFile; fileRef = A3DBEE7B1E29104400AFA016 /* ViewController.swift */; };
		A3DBEE7F1E29104400AFA016 /* Main.storyboard in Resources */ = {isa = PBXBuildFile; fileRef = A3DBEE7D1E29104400AFA016 /* Main.storyboard */; };
		A3DBEE821E29104400AFA016 /* TESLA.xcdatamodeld in Sources */ = {isa = PBXBuildFile; fileRef = A3DBEE801E29104400AFA016 /* TESLA.xcdatamodeld */; };
		A3DBEE841E29104400AFA016 /* Assets.xcassets in Resources */ = {isa = PBXBuildFile; fileRef = A3DBEE831E29104400AFA016 /* Assets.xcassets */; };
		A3DBEE871E29104400AFA016 /* LaunchScreen.storyboard in Resources */ = {isa = PBXBuildFile; fileRef = A3DBEE851E29104400AFA016 /* LaunchScreen.storyboard */; };
/* End PBXBuildFile section */

/* Begin PBXFileReference section */
		3877D6D61E29746700D176F0 /* PlotViewController.swift */ = {isa = PBXFileReference; fileEncoding = 4; lastKnownFileType = sourcecode.swift; path = PlotViewController.swift; sourceTree = "<group>"; };
		3877D6D81E2975EE00D176F0 /* MotionManager.swift */ = {isa = PBXFileReference; fileEncoding = 4; lastKnownFileType = sourcecode.swift; path = MotionManager.swift; sourceTree = "<group>"; };
		A3DBEE761E29104400AFA016 /* TESLA.app */ = {isa = PBXFileReference; explicitFileType = wrapper.application; includeInIndex = 0; path = TESLA.app; sourceTree = BUILT_PRODUCTS_DIR; };
		A3DBEE791E29104400AFA016 /* AppDelegate.swift */ = {isa = PBXFileReference; lastKnownFileType = sourcecode.swift; path = AppDelegate.swift; sourceTree = "<group>"; };
		A3DBEE7B1E29104400AFA016 /* ViewController.swift */ = {isa = PBXFileReference; lastKnownFileType = sourcecode.swift; path = ViewController.swift; sourceTree = "<group>"; };
		A3DBEE7E1E29104400AFA016 /* Base */ = {isa = PBXFileReference; lastKnownFileType = file.storyboard; name = Base; path = Base.lproj/Main.storyboard; sourceTree = "<group>"; };
		A3DBEE811E29104400AFA016 /* TESLA.xcdatamodel */ = {isa = PBXFileReference; lastKnownFileType = wrapper.xcdatamodel; path = TESLA.xcdatamodel; sourceTree = "<group>"; };
		A3DBEE831E29104400AFA016 /* Assets.xcassets */ = {isa = PBXFileReference; lastKnownFileType = folder.assetcatalog; path = Assets.xcassets; sourceTree = "<group>"; };
		A3DBEE861E29104400AFA016 /* Base */ = {isa = PBXFileReference; lastKnownFileType = file.storyboard; name = Base; path = Base.lproj/LaunchScreen.storyboard; sourceTree = "<group>"; };
		A3DBEE881E29104400AFA016 /* Info.plist */ = {isa = PBXFileReference; lastKnownFileType = text.plist.xml; path = Info.plist; sourceTree = "<group>"; };
/* End PBXFileReference section */

/* Begin PBXFrameworksBuildPhase section */
		A3DBEE731E29104400AFA016 /* Frameworks */ = {
			isa = PBXFrameworksBuildPhase;
			buildActionMask = 2147483647;
			files = (
			);
			runOnlyForDeploymentPostprocessing = 0;
		};
/* End PBXFrameworksBuildPhase section */

/* Begin PBXGroup section */
		A3DBEE6D1E29104400AFA016 = {
			isa = PBXGroup;
			children = (
				A3DBEE781E29104400AFA016 /* TESLA */,
				A3DBEE771E29104400AFA016 /* Products */,
			);
			sourceTree = "<group>";
		};
		A3DBEE771E29104400AFA016 /* Products */ = {
			isa = PBXGroup;
			children = (
				A3DBEE761E29104400AFA016 /* TESLA.app */,
			);
			name = Products;
			sourceTree = "<group>";
		};
		A3DBEE781E29104400AFA016 /* TESLA */ = {
			isa = PBXGroup;
			children = (
				A3DBEE791E29104400AFA016 /* AppDelegate.swift */,
				A3DBEE7B1E29104400AFA016 /* ViewController.swift */,
				A3DBEE7D1E29104400AFA016 /* Main.storyboard */,
				A3DBEE831E29104400AFA016 /* Assets.xcassets */,
				A3DBEE851E29104400AFA016 /* LaunchScreen.storyboard */,
				A3DBEE881E29104400AFA016 /* Info.plist */,
				A3DBEE801E29104400AFA016 /* TESLA.xcdatamodeld */,
				3877D6D61E29746700D176F0 /* PlotViewController.swift */,
				3877D6D81E2975EE00D176F0 /* MotionManager.swift */,
			);
			path = TESLA;
			sourceTree = "<group>";
		};
/* End PBXGroup section */

/* Begin PBXNativeTarget section */
		A3DBEE751E29104400AFA016 /* TESLA */ = {
			isa = PBXNativeTarget;
			buildConfigurationList = A3DBEE8B1E29104400AFA016 /* Build configuration list for PBXNativeTarget "TESLA" */;
			buildPhases = (
				A3DBEE721E29104400AFA016 /* Sources */,
				A3DBEE731E29104400AFA016 /* Frameworks */,
				A3DBEE741E29104400AFA016 /* Resources */,
			);
			buildRules = (
			);
			dependencies = (
			);
			name = TESLA;
			productName = TESLA;
			productReference = A3DBEE761E29104400AFA016 /* TESLA.app */;
			productType = "com.apple.product-type.application";
		};
/* End PBXNativeTarget section */

/* Begin PBXProject section */
		A3DBEE6E1E29104400AFA016 /* Project object */ = {
			isa = PBXProject;
			attributes = {
				LastSwiftUpdateCheck = 0820;
				LastUpgradeCheck = 0820;
				ORGANIZATIONNAME = QBurst;
				TargetAttributes = {
					A3DBEE751E29104400AFA016 = {
						CreatedOnToolsVersion = 8.2;
						DevelopmentTeam = Z3GEUSFAX6;
						ProvisioningStyle = Manual;
					};
				};
			};
			buildConfigurationList = A3DBEE711E29104400AFA016 /* Build configuration list for PBXProject "TESLA" */;
			compatibilityVersion = "Xcode 3.2";
			developmentRegion = English;
			hasScannedForEncodings = 0;
			knownRegions = (
				en,
				Base,
			);
			mainGroup = A3DBEE6D1E29104400AFA016;
			productRefGroup = A3DBEE771E29104400AFA016 /* Products */;
			projectDirPath = "";
			projectRoot = "";
			targets = (
				A3DBEE751E29104400AFA016 /* TESLA */,
			);
		};
/* End PBXProject section */

/* Begin PBXResourcesBuildPhase section */
		A3DBEE741E29104400AFA016 /* Resources */ = {
			isa = PBXResourcesBuildPhase;
			buildActionMask = 2147483647;
			files = (
				A3DBEE871E29104400AFA016 /* LaunchScreen.storyboard in Resources */,
				A3DBEE841E29104400AFA016 /* Assets.xcassets in Resources */,
				A3DBEE7F1E29104400AFA016 /* Main.storyboard in Resources */,
			);
			runOnlyForDeploymentPostprocessing = 0;
		};
/* End PBXResourcesBuildPhase section */

/* Begin PBXSourcesBuildPhase section */
		A3DBEE721E29104400AFA016 /* Sources */ = {
			isa = PBXSourcesBuildPhase;
			buildActionMask = 2147483647;
			files = (
				A3DBEE7C1E29104400AFA016 /* ViewController.swift in Sources */,
				3877D6D91E2975EE00D176F0 /* MotionManager.swift in Sources */,
				3877D6D71E29746700D176F0 /* PlotViewController.swift in Sources */,
				A3DBEE821E29104400AFA016 /* TESLA.xcdatamodeld in Sources */,
				A3DBEE7A1E29104400AFA016 /* AppDelegate.swift in Sources */,
			);
			runOnlyForDeploymentPostprocessing = 0;
		};
/* End PBXSourcesBuildPhase section */

/* Begin PBXVariantGroup section */
		A3DBEE7D1E29104400AFA016 /* Main.storyboard */ = {
			isa = PBXVariantGroup;
			children = (
				A3DBEE7E1E29104400AFA016 /* Base */,
			);
			name = Main.storyboard;
			sourceTree = "<group>";
		};
		A3DBEE851E29104400AFA016 /* LaunchScreen.storyboard */ = {
			isa = PBXVariantGroup;
			children = (
				A3DBEE861E29104400AFA016 /* Base */,
			);
			name = LaunchScreen.storyboard;
			sourceTree = "<group>";
		};
/* End PBXVariantGroup section */

/* Begin XCBuildConfiguration section */
		A3DBEE891E29104400AFA016 /* Debug */ = {
			isa = XCBuildConfiguration;
			buildSettings = {
				ALWAYS_SEARCH_USER_PATHS = NO;
				CLANG_ANALYZER_NONNULL = YES;
				CLANG_CXX_LANGUAGE_STANDARD = "gnu++0x";
				CLANG_CXX_LIBRARY = "libc++";
				CLANG_ENABLE_MODULES = YES;
				CLANG_ENABLE_OBJC_ARC = YES;
				CLANG_WARN_BOOL_CONVERSION = YES;
				CLANG_WARN_CONSTANT_CONVERSION = YES;
				CLANG_WARN_DIRECT_OBJC_ISA_USAGE = YES_ERROR;
				CLANG_WARN_DOCUMENTATION_COMMENTS = YES;
				CLANG_WARN_EMPTY_BODY = YES;
				CLANG_WARN_ENUM_CONVERSION = YES;
				CLANG_WARN_INFINITE_RECURSION = YES;
				CLANG_WARN_INT_CONVERSION = YES;
				CLANG_WARN_OBJC_ROOT_CLASS = YES_ERROR;
				CLANG_WARN_SUSPICIOUS_MOVE = YES;
				CLANG_WARN_UNREACHABLE_CODE = YES;
				CLANG_WARN__DUPLICATE_METHOD_MATCH = YES;
				"CODE_SIGN_IDENTITY[sdk=iphoneos*]" = "iPhone Developer";
				COPY_PHASE_STRIP = NO;
				DEBUG_INFORMATION_FORMAT = dwarf;
				ENABLE_STRICT_OBJC_MSGSEND = YES;
				ENABLE_TESTABILITY = YES;
				GCC_C_LANGUAGE_STANDARD = gnu99;
				GCC_DYNAMIC_NO_PIC = NO;
				GCC_NO_COMMON_BLOCKS = YES;
				GCC_OPTIMIZATION_LEVEL = 0;
				GCC_PREPROCESSOR_DEFINITIONS = (
					"DEBUG=1",
					"$(inherited)",
				);
				GCC_WARN_64_TO_32_BIT_CONVERSION = YES;
				GCC_WARN_ABOUT_RETURN_TYPE = YES_ERROR;
				GCC_WARN_UNDECLARED_SELECTOR = YES;
				GCC_WARN_UNINITIALIZED_AUTOS = YES_AGGRESSIVE;
				GCC_WARN_UNUSED_FUNCTION = YES;
				GCC_WARN_UNUSED_VARIABLE = YES;
				IPHONEOS_DEPLOYMENT_TARGET = 10.2;
				MTL_ENABLE_DEBUG_INFO = YES;
				ONLY_ACTIVE_ARCH = YES;
				SDKROOT = iphoneos;
				SWIFT_ACTIVE_COMPILATION_CONDITIONS = DEBUG;
				SWIFT_OPTIMIZATION_LEVEL = "-Onone";
			};
			name = Debug;
		};
		A3DBEE8A1E29104400AFA016 /* Release */ = {
			isa = XCBuildConfiguration;
			buildSettings = {
				ALWAYS_SEARCH_USER_PATHS = NO;
				CLANG_ANALYZER_NONNULL = YES;
				CLANG_CXX_LANGUAGE_STANDARD = "gnu++0x";
				CLANG_CXX_LIBRARY = "libc++";
				CLANG_ENABLE_MODULES = YES;
				CLANG_ENABLE_OBJC_ARC = YES;
				CLANG_WARN_BOOL_CONVERSION = YES;
				CLANG_WARN_CONSTANT_CONVERSION = YES;
				CLANG_WARN_DIRECT_OBJC_ISA_USAGE = YES_ERROR;
				CLANG_WARN_DOCUMENTATION_COMMENTS = YES;
				CLANG_WARN_EMPTY_BODY = YES;
				CLANG_WARN_ENUM_CONVERSION = YES;
				CLANG_WARN_INFINITE_RECURSION = YES;
				CLANG_WARN_INT_CONVERSION = YES;
				CLANG_WARN_OBJC_ROOT_CLASS = YES_ERROR;
				CLANG_WARN_SUSPICIOUS_MOVE = YES;
				CLANG_WARN_UNREACHABLE_CODE = YES;
				CLANG_WARN__DUPLICATE_METHOD_MATCH = YES;
				"CODE_SIGN_IDENTITY[sdk=iphoneos*]" = "iPhone Developer";
				COPY_PHASE_STRIP = NO;
				DEBUG_INFORMATION_FORMAT = "dwarf-with-dsym";
				ENABLE_NS_ASSERTIONS = NO;
				ENABLE_STRICT_OBJC_MSGSEND = YES;
				GCC_C_LANGUAGE_STANDARD = gnu99;
				GCC_NO_COMMON_BLOCKS = YES;
				GCC_WARN_64_TO_32_BIT_CONVERSION = YES;
				GCC_WARN_ABOUT_RETURN_TYPE = YES_ERROR;
				GCC_WARN_UNDECLARED_SELECTOR = YES;
				GCC_WARN_UNINITIALIZED_AUTOS = YES_AGGRESSIVE;
				GCC_WARN_UNUSED_FUNCTION = YES;
				GCC_WARN_UNUSED_VARIABLE = YES;
				IPHONEOS_DEPLOYMENT_TARGET = 10.2;
				MTL_ENABLE_DEBUG_INFO = NO;
				SDKROOT = iphoneos;
				SWIFT_OPTIMIZATION_LEVEL = "-Owholemodule";
				VALIDATE_PRODUCT = YES;
			};
			name = Release;
		};
		A3DBEE8C1E29104400AFA016 /* Debug */ = {
			isa = XCBuildConfiguration;
			buildSettings = {
				ASSETCATALOG_COMPILER_APPICON_NAME = AppIcon;
				DEVELOPMENT_TEAM = Z3GEUSFAX6;
				INFOPLIST_FILE = TESLA/Info.plist;
				IPHONEOS_DEPLOYMENT_TARGET = 9.0;
				LD_RUNPATH_SEARCH_PATHS = "$(inherited) @executable_path/Frameworks";
				PRODUCT_BUNDLE_IDENTIFIER = com.qburst2.TESLA;
				PRODUCT_NAME = "$(TARGET_NAME)";
				PROVISIONING_PROFILE = "b7237390-825b-4df7-b2f4-fde21495675b";
				PROVISIONING_PROFILE_SPECIFIER = QB_GENERIC_PROFILE_May13_2016;
				SWIFT_VERSION = 3.0;
			};
			name = Debug;
		};
		A3DBEE8D1E29104400AFA016 /* Release */ = {
			isa = XCBuildConfiguration;
			buildSettings = {
				ASSETCATALOG_COMPILER_APPICON_NAME = AppIcon;
				DEVELOPMENT_TEAM = "";
				INFOPLIST_FILE = TESLA/Info.plist;
				IPHONEOS_DEPLOYMENT_TARGET = 9.0;
				LD_RUNPATH_SEARCH_PATHS = "$(inherited) @executable_path/Frameworks";
				PRODUCT_BUNDLE_IDENTIFIER = com.qburst2.TESLA;
				PRODUCT_NAME = "$(TARGET_NAME)";
				SWIFT_VERSION = 3.0;
			};
			name = Release;
		};
/* End XCBuildConfiguration section */

/* Begin XCConfigurationList section */
		A3DBEE711E29104400AFA016 /* Build configuration list for PBXProject "TESLA" */ = {
			isa = XCConfigurationList;
			buildConfigurations = (
				A3DBEE891E29104400AFA016 /* Debug */,
				A3DBEE8A1E29104400AFA016 /* Release */,
			);
			defaultConfigurationIsVisible = 0;
			defaultConfigurationName = Release;
		};
		A3DBEE8B1E29104400AFA016 /* Build configuration list for PBXNativeTarget "TESLA" */ = {
			isa = XCConfigurationList;
			buildConfigurations = (
				A3DBEE8C1E29104400AFA016 /* Debug */,
				A3DBEE8D1E29104400AFA016 /* Release */,
			);
			defaultConfigurationIsVisible = 0;
			defaultConfigurationName = Release;
		};
/* End XCConfigurationList section */

/* Begin XCVersionGroup section */
		A3DBEE801E29104400AFA016 /* TESLA.xcdatamodeld */ = {
			isa = XCVersionGroup;
			children = (
				A3DBEE811E29104400AFA016 /* TESLA.xcdatamodel */,
			);
			currentVersion = A3DBEE811E29104400AFA016 /* TESLA.xcdatamodel */;
			path = TESLA.xcdatamodeld;
			sourceTree = "<group>";
			versionGroupType = wrapper.xcdatamodel;
		};
/* End XCVersionGroup section */
	};
	rootObject = A3DBEE6E1E29104400AFA016 /* Project object */;
}
